
Microsoft Visual Studio Solution File, Format Version 12.00
# Visual Studio Version 16
VisualStudioVersion = 25.0.1706.12
MinimumVisualStudioVersion = 10.0.40219.1
Project("{FAE04EC0-301F-11D3-BF4B-00C04F79EFBC}") = "restOfaDivision", "restOfaDivision\restOfaDivision.csproj", "{4EEC5E26-92C9-48C4-AD34-1BEA52C352C7}"
EndProject
Global
	GlobalSection(SolutionConfigurationPlatforms) = preSolution
		Debug|Any CPU = Debug|Any CPU
		Release|Any CPU = Release|Any CPU
	EndGlobalSection
	GlobalSection(ProjectConfigurationPlatforms) = postSolution
		{4EEC5E26-92C9-48C4-AD34-1BEA52C352C7}.Debug|Any CPU.ActiveCfg = Debug|Any CPU
		{4EEC5E26-92C9-48C4-AD34-1BEA52C352C7}.Debug|Any CPU.Build.0 = Debug|Any CPU
		{4EEC5E26-92C9-48C4-AD34-1BEA52C352C7}.Release|Any CPU.ActiveCfg = Release|Any CPU
		{4EEC5E26-92C9-48C4-AD34-1BEA52C352C7}.Release|Any CPU.Build.0 = Release|Any CPU
	EndGlobalSection
	GlobalSection(SolutionProperties) = preSolution
		HideSolutionNode = FALSE
	EndGlobalSection
	GlobalSection(ExtensibilityGlobals) = postSolution
		SolutionGuid = {28F13719-5C47-4C9F-9662-7408D93E164B}
	EndGlobalSection
EndGlobal
